
Microsoft Visual Studio Solution File, Format Version 12.00
# Visual Studio 2012
Project("{FAE04EC0-301F-11D3-BF4B-00C04F79EFBC}") = "2. MessagesInABottle", "MessagesInABottle\2. MessagesInABottle.csproj", "{50C06739-3B7A-4F55-A4F0-473A02B15454}"
EndProject
Project("{FAE04EC0-301F-11D3-BF4B-00C04F79EFBC}") = "1. BasicLanguage", "BasicLanguage\1. BasicLanguage.csproj", "{A561E4FE-B83E-4313-87BE-0DBCDBCB7E67}"
EndProject
Project("{FAE04EC0-301F-11D3-BF4B-00C04F79EFBC}") = "3DSlices", "3DSlices\3DSlices.csproj", "{2616C87D-7FD5-40FE-B359-8B846CA77ED0}"
EndProject
Global
	GlobalSection(SolutionConfigurationPlatforms) = preSolution
		Debug|Any CPU = Debug|Any CPU
		Release|Any CPU = Release|Any CPU
	EndGlobalSection
	GlobalSection(ProjectConfigurationPlatforms) = postSolution
		{50C06739-3B7A-4F55-A4F0-473A02B15454}.Debug|Any CPU.ActiveCfg = Debug|Any CPU
		{50C06739-3B7A-4F55-A4F0-473A02B15454}.Debug|Any CPU.Build.0 = Debug|Any CPU
		{50C06739-3B7A-4F55-A4F0-473A02B15454}.Release|Any CPU.ActiveCfg = Release|Any CPU
		{50C06739-3B7A-4F55-A4F0-473A02B15454}.Release|Any CPU.Build.0 = Release|Any CPU
		{A561E4FE-B83E-4313-87BE-0DBCDBCB7E67}.Debug|Any CPU.ActiveCfg = Debug|Any CPU
		{A561E4FE-B83E-4313-87BE-0DBCDBCB7E67}.Debug|Any CPU.Build.0 = Debug|Any CPU
		{A561E4FE-B83E-4313-87BE-0DBCDBCB7E67}.Release|Any CPU.ActiveCfg = Release|Any CPU
		{A561E4FE-B83E-4313-87BE-0DBCDBCB7E67}.Release|Any CPU.Build.0 = Release|Any CPU
		{2616C87D-7FD5-40FE-B359-8B846CA77ED0}.Debug|Any CPU.ActiveCfg = Debug|Any CPU
		{2616C87D-7FD5-40FE-B359-8B846CA77ED0}.Debug|Any CPU.Build.0 = Debug|Any CPU
		{2616C87D-7FD5-40FE-B359-8B846CA77ED0}.Release|Any CPU.ActiveCfg = Release|Any CPU
		{2616C87D-7FD5-40FE-B359-8B846CA77ED0}.Release|Any CPU.Build.0 = Release|Any CPU
	EndGlobalSection
	GlobalSection(SolutionProperties) = preSolution
		HideSolutionNode = FALSE
	EndGlobalSection
EndGlobal
