
Microsoft Visual Studio Solution File, Format Version 12.00
# Visual Studio 2012
Project("{FAE04EC0-301F-11D3-BF4B-00C04F79EFBC}") = "1. FighterAttack", "FighterAttack\1. FighterAttack.csproj", "{FA8F9613-1D91-469E-AE98-DF43D5904B50}"
EndProject
Project("{FAE04EC0-301F-11D3-BF4B-00C04F79EFBC}") = "2. AstrologicalDigits", "AstrologicalDigits\2. AstrologicalDigits.csproj", "{B4A90983-69E2-4853-B166-7DB735002C54}"
EndProject
Project("{FAE04EC0-301F-11D3-BF4B-00C04F79EFBC}") = "3. SandGlass", "SandGlass\3. SandGlass.csproj", "{7A28DE4A-6BF7-4C78-9AD4-3505B20E184A}"
EndProject
Project("{FAE04EC0-301F-11D3-BF4B-00C04F79EFBC}") = "4. DancingBits", "DancingBits\4. DancingBits.csproj", "{E35A6DE0-1CF1-4146-A103-9D3039D819D8}"
EndProject
Project("{FAE04EC0-301F-11D3-BF4B-00C04F79EFBC}") = "5. Lines", "Lines\5. Lines.csproj", "{5562D78D-77F9-4E29-A02B-85BE3AF50747}"
EndProject
Global
	GlobalSection(SolutionConfigurationPlatforms) = preSolution
		Debug|Any CPU = Debug|Any CPU
		Release|Any CPU = Release|Any CPU
	EndGlobalSection
	GlobalSection(ProjectConfigurationPlatforms) = postSolution
		{FA8F9613-1D91-469E-AE98-DF43D5904B50}.Debug|Any CPU.ActiveCfg = Debug|Any CPU
		{FA8F9613-1D91-469E-AE98-DF43D5904B50}.Debug|Any CPU.Build.0 = Debug|Any CPU
		{FA8F9613-1D91-469E-AE98-DF43D5904B50}.Release|Any CPU.ActiveCfg = Release|Any CPU
		{FA8F9613-1D91-469E-AE98-DF43D5904B50}.Release|Any CPU.Build.0 = Release|Any CPU
		{B4A90983-69E2-4853-B166-7DB735002C54}.Debug|Any CPU.ActiveCfg = Debug|Any CPU
		{B4A90983-69E2-4853-B166-7DB735002C54}.Debug|Any CPU.Build.0 = Debug|Any CPU
		{B4A90983-69E2-4853-B166-7DB735002C54}.Release|Any CPU.ActiveCfg = Release|Any CPU
		{B4A90983-69E2-4853-B166-7DB735002C54}.Release|Any CPU.Build.0 = Release|Any CPU
		{7A28DE4A-6BF7-4C78-9AD4-3505B20E184A}.Debug|Any CPU.ActiveCfg = Debug|Any CPU
		{7A28DE4A-6BF7-4C78-9AD4-3505B20E184A}.Debug|Any CPU.Build.0 = Debug|Any CPU
		{7A28DE4A-6BF7-4C78-9AD4-3505B20E184A}.Release|Any CPU.ActiveCfg = Release|Any CPU
		{7A28DE4A-6BF7-4C78-9AD4-3505B20E184A}.Release|Any CPU.Build.0 = Release|Any CPU
		{E35A6DE0-1CF1-4146-A103-9D3039D819D8}.Debug|Any CPU.ActiveCfg = Debug|Any CPU
		{E35A6DE0-1CF1-4146-A103-9D3039D819D8}.Debug|Any CPU.Build.0 = Debug|Any CPU
		{E35A6DE0-1CF1-4146-A103-9D3039D819D8}.Release|Any CPU.ActiveCfg = Release|Any CPU
		{E35A6DE0-1CF1-4146-A103-9D3039D819D8}.Release|Any CPU.Build.0 = Release|Any CPU
		{5562D78D-77F9-4E29-A02B-85BE3AF50747}.Debug|Any CPU.ActiveCfg = Debug|Any CPU
		{5562D78D-77F9-4E29-A02B-85BE3AF50747}.Debug|Any CPU.Build.0 = Debug|Any CPU
		{5562D78D-77F9-4E29-A02B-85BE3AF50747}.Release|Any CPU.ActiveCfg = Release|Any CPU
		{5562D78D-77F9-4E29-A02B-85BE3AF50747}.Release|Any CPU.Build.0 = Release|Any CPU
	EndGlobalSection
	GlobalSection(SolutionProperties) = preSolution
		HideSolutionNode = FALSE
	EndGlobalSection
EndGlobal
